
Microsoft Visual Studio Solution File, Format Version 12.00
# Visual Studio Version 17
VisualStudioVersion = 17.9.34714.143
MinimumVisualStudioVersion = 10.0.40219.1
Project("{FAE04EC0-301F-11D3-BF4B-00C04F79EFBC}") = "Gestion de Gym", "Gestion de Gym\Gestion de Gym.csproj", "{98B73FE5-9508-49A9-AD34-1114E831CAFE}"
EndProject
Global
	GlobalSection(SolutionConfigurationPlatforms) = preSolution
		Debug|Any CPU = Debug|Any CPU
		Release|Any CPU = Release|Any CPU
	EndGlobalSection
	GlobalSection(ProjectConfigurationPlatforms) = postSolution
		{98B73FE5-9508-49A9-AD34-1114E831CAFE}.Debug|Any CPU.ActiveCfg = Debug|Any CPU
		{98B73FE5-9508-49A9-AD34-1114E831CAFE}.Debug|Any CPU.Build.0 = Debug|Any CPU
		{98B73FE5-9508-49A9-AD34-1114E831CAFE}.Release|Any CPU.ActiveCfg = Release|Any CPU
		{98B73FE5-9508-49A9-AD34-1114E831CAFE}.Release|Any CPU.Build.0 = Release|Any CPU
	EndGlobalSection
	GlobalSection(SolutionProperties) = preSolution
		HideSolutionNode = FALSE
	EndGlobalSection
	GlobalSection(ExtensibilityGlobals) = postSolution
		SolutionGuid = {D4868716-7ACB-4DDF-B6FB-40233D0EE649}
	EndGlobalSection
EndGlobal
